
Microsoft Visual Studio Solution File, Format Version 12.00
# Visual Studio Version 17
VisualStudioVersion = 17.2.32516.85
MinimumVisualStudioVersion = 10.0.40219.1
Project("{FAE04EC0-301F-11D3-BF4B-00C04F79EFBC}") = "AzureDevopsPractice", "AzureDevopsPractice\AzureDevopsPractice.csproj", "{418DF97C-F78D-4FCC-9BC3-F6C5F7E3C0FD}"
EndProject
Global
	GlobalSection(SolutionConfigurationPlatforms) = preSolution
		Debug|Any CPU = Debug|Any CPU
		Release|Any CPU = Release|Any CPU
	EndGlobalSection
	GlobalSection(ProjectConfigurationPlatforms) = postSolution
		{418DF97C-F78D-4FCC-9BC3-F6C5F7E3C0FD}.Debug|Any CPU.ActiveCfg = Debug|Any CPU
		{418DF97C-F78D-4FCC-9BC3-F6C5F7E3C0FD}.Debug|Any CPU.Build.0 = Debug|Any CPU
		{418DF97C-F78D-4FCC-9BC3-F6C5F7E3C0FD}.Release|Any CPU.ActiveCfg = Release|Any CPU
		{418DF97C-F78D-4FCC-9BC3-F6C5F7E3C0FD}.Release|Any CPU.Build.0 = Release|Any CPU
	EndGlobalSection
	GlobalSection(SolutionProperties) = preSolution
		HideSolutionNode = FALSE
	EndGlobalSection
	GlobalSection(ExtensibilityGlobals) = postSolution
		SolutionGuid = {6701224A-ED94-45A8-8C5E-7766395E48DF}
	EndGlobalSection
EndGlobal
